
Microsoft Visual Studio Solution File, Format Version 12.00
# Visual Studio 15
VisualStudioVersion = 15.0.27130.2024
MinimumVisualStudioVersion = 10.0.40219.1
Project("{FAE04EC0-301F-11D3-BF4B-00C04F79EFBC}") = "SynchronousSocketClient", "SynchronousSocketClient\SynchronousSocketClient.csproj", "{F4AA6B8B-85A5-4C92-B543-F1F46D2BEC2A}"
EndProject
Global
	GlobalSection(SolutionConfigurationPlatforms) = preSolution
		Debug|Any CPU = Debug|Any CPU
		Release|Any CPU = Release|Any CPU
	EndGlobalSection
	GlobalSection(ProjectConfigurationPlatforms) = postSolution
		{F4AA6B8B-85A5-4C92-B543-F1F46D2BEC2A}.Debug|Any CPU.ActiveCfg = Debug|Any CPU
		{F4AA6B8B-85A5-4C92-B543-F1F46D2BEC2A}.Debug|Any CPU.Build.0 = Debug|Any CPU
		{F4AA6B8B-85A5-4C92-B543-F1F46D2BEC2A}.Release|Any CPU.ActiveCfg = Release|Any CPU
		{F4AA6B8B-85A5-4C92-B543-F1F46D2BEC2A}.Release|Any CPU.Build.0 = Release|Any CPU
	EndGlobalSection
	GlobalSection(SolutionProperties) = preSolution
		HideSolutionNode = FALSE
	EndGlobalSection
	GlobalSection(ExtensibilityGlobals) = postSolution
		SolutionGuid = {D50E9F15-9421-4A90-B382-32ABCDC4AD5F}
	EndGlobalSection
EndGlobal
